
Microsoft Visual Studio Solution File, Format Version 12.00
# Visual Studio Version 16
VisualStudioVersion = 16.0.31624.102
MinimumVisualStudioVersion = 10.0.40219.1
Project("{FAE04EC0-301F-11D3-BF4B-00C04F79EFBC}") = "p1Client", "p1Client.csproj", "{01C98B3E-02AA-41D1-A0D8-F1A0B57E5250}"
EndProject
Global
	GlobalSection(SolutionConfigurationPlatforms) = preSolution
		Debug|Any CPU = Debug|Any CPU
		Release|Any CPU = Release|Any CPU
	EndGlobalSection
	GlobalSection(ProjectConfigurationPlatforms) = postSolution
		{01C98B3E-02AA-41D1-A0D8-F1A0B57E5250}.Debug|Any CPU.ActiveCfg = Debug|Any CPU
		{01C98B3E-02AA-41D1-A0D8-F1A0B57E5250}.Debug|Any CPU.Build.0 = Debug|Any CPU
		{01C98B3E-02AA-41D1-A0D8-F1A0B57E5250}.Release|Any CPU.ActiveCfg = Release|Any CPU
		{01C98B3E-02AA-41D1-A0D8-F1A0B57E5250}.Release|Any CPU.Build.0 = Release|Any CPU
	EndGlobalSection
	GlobalSection(SolutionProperties) = preSolution
		HideSolutionNode = FALSE
	EndGlobalSection
	GlobalSection(ExtensibilityGlobals) = postSolution
		SolutionGuid = {8D7F5E58-FCE3-4785-8E8C-84D5EE4FE7ED}
	EndGlobalSection
EndGlobal
